
Microsoft Visual Studio Solution File, Format Version 12.00
# Visual Studio Version 17
VisualStudioVersion = 17.14.36414.22 d17.14
MinimumVisualStudioVersion = 10.0.40219.1
Project("{FAE04EC0-301F-11D3-BF4B-00C04F79EFBC}") = "ProductsApi", "ProductsApi.csproj", "{61351DE9-B1B6-4759-9816-0C80BD870E93}"
EndProject
Global
	GlobalSection(SolutionConfigurationPlatforms) = preSolution
		Debug|Any CPU = Debug|Any CPU
		Release|Any CPU = Release|Any CPU
	EndGlobalSection
	GlobalSection(ProjectConfigurationPlatforms) = postSolution
		{61351DE9-B1B6-4759-9816-0C80BD870E93}.Debug|Any CPU.ActiveCfg = Debug|Any CPU
		{61351DE9-B1B6-4759-9816-0C80BD870E93}.Debug|Any CPU.Build.0 = Debug|Any CPU
		{61351DE9-B1B6-4759-9816-0C80BD870E93}.Release|Any CPU.ActiveCfg = Release|Any CPU
		{61351DE9-B1B6-4759-9816-0C80BD870E93}.Release|Any CPU.Build.0 = Release|Any CPU
	EndGlobalSection
	GlobalSection(SolutionProperties) = preSolution
		HideSolutionNode = FALSE
	EndGlobalSection
	GlobalSection(ExtensibilityGlobals) = postSolution
		SolutionGuid = {47EB20ED-E668-48CA-AD24-9710A6218BF0}
	EndGlobalSection
EndGlobal
